
Microsoft Visual Studio Solution File, Format Version 12.00
# Visual Studio Version 17
VisualStudioVersion = 17.14.36511.14
MinimumVisualStudioVersion = 10.0.40219.1
Project("{FAE04EC0-301F-11D3-BF4B-00C04F79EFBC}") = "QCtech360", "QCtech360\QCtech360.csproj", "{35BBE18A-8480-42F6-ADAF-C69D2428007C}"
EndProject
Global
	GlobalSection(SolutionConfigurationPlatforms) = preSolution
		Debug|Any CPU = Debug|Any CPU
		Debug|x86 = Debug|x86
		Release|Any CPU = Release|Any CPU
		Release|x86 = Release|x86
	EndGlobalSection
	GlobalSection(ProjectConfigurationPlatforms) = postSolution
		{35BBE18A-8480-42F6-ADAF-C69D2428007C}.Debug|Any CPU.ActiveCfg = Release|x86
		{35BBE18A-8480-42F6-ADAF-C69D2428007C}.Debug|Any CPU.Build.0 = Release|x86
		{35BBE18A-8480-42F6-ADAF-C69D2428007C}.Debug|x86.ActiveCfg = Debug|x86
		{35BBE18A-8480-42F6-ADAF-C69D2428007C}.Debug|x86.Build.0 = Debug|x86
		{35BBE18A-8480-42F6-ADAF-C69D2428007C}.Release|Any CPU.ActiveCfg = Release|Any CPU
		{35BBE18A-8480-42F6-ADAF-C69D2428007C}.Release|Any CPU.Build.0 = Release|Any CPU
		{35BBE18A-8480-42F6-ADAF-C69D2428007C}.Release|x86.ActiveCfg = Release|x86
		{35BBE18A-8480-42F6-ADAF-C69D2428007C}.Release|x86.Build.0 = Release|x86
	EndGlobalSection
	GlobalSection(SolutionProperties) = preSolution
		HideSolutionNode = FALSE
	EndGlobalSection
	GlobalSection(ExtensibilityGlobals) = postSolution
		SolutionGuid = {00CBBB2A-0B8E-47F6-A786-D1667C4630EE}
	EndGlobalSection
EndGlobal
